
Microsoft Visual Studio Solution File, Format Version 12.00
# Visual Studio 15
VisualStudioVersion = 15.0.28010.2036
MinimumVisualStudioVersion = 10.0.40219.1
Project("{8BC9CEB8-8B4A-11D0-8D11-00A0C91BC942}") = "Final Project (with semaphore)", "Final Project (with semaphore)\Final Project (with semaphore).vcxproj", "{8076BEB0-E5F1-45CC-817B-3469DA92886A}"
EndProject
Global
	GlobalSection(SolutionConfigurationPlatforms) = preSolution
		Debug|x64 = Debug|x64
		Debug|x86 = Debug|x86
		Release|x64 = Release|x64
		Release|x86 = Release|x86
	EndGlobalSection
	GlobalSection(ProjectConfigurationPlatforms) = postSolution
		{8076BEB0-E5F1-45CC-817B-3469DA92886A}.Debug|x64.ActiveCfg = Debug|x64
		{8076BEB0-E5F1-45CC-817B-3469DA92886A}.Debug|x64.Build.0 = Debug|x64
		{8076BEB0-E5F1-45CC-817B-3469DA92886A}.Debug|x86.ActiveCfg = Debug|Win32
		{8076BEB0-E5F1-45CC-817B-3469DA92886A}.Debug|x86.Build.0 = Debug|Win32
		{8076BEB0-E5F1-45CC-817B-3469DA92886A}.Release|x64.ActiveCfg = Release|x64
		{8076BEB0-E5F1-45CC-817B-3469DA92886A}.Release|x64.Build.0 = Release|x64
		{8076BEB0-E5F1-45CC-817B-3469DA92886A}.Release|x86.ActiveCfg = Release|Win32
		{8076BEB0-E5F1-45CC-817B-3469DA92886A}.Release|x86.Build.0 = Release|Win32
	EndGlobalSection
	GlobalSection(SolutionProperties) = preSolution
		HideSolutionNode = FALSE
	EndGlobalSection
	GlobalSection(ExtensibilityGlobals) = postSolution
		SolutionGuid = {25DCB3D2-BCBE-4ACE-809C-E5FE70E26FF3}
	EndGlobalSection
EndGlobal
